// !$*UTF8*$!
{
	archiveVersion = 1;
	classes = {
	};
	objectVersion = 56;
	objects = {

/* Begin PBXBuildFile section */
		F5ED3F3D2BF586B500A244A8 /* RealityKitContent in Frameworks */ = {isa = PBXBuildFile; productRef = F5ED3F3C2BF586B500A244A8 /* RealityKitContent */; };
		F5ED3F3F2BF586B500A244A8 /* MazeGameApp.swift in Sources */ = {isa = PBXBuildFile; fileRef = F5ED3F3E2BF586B500A244A8 /* MazeGameApp.swift */; };
		F5ED3F412BF586B500A244A8 /* ContentView.swift in Sources */ = {isa = PBXBuildFile; fileRef = F5ED3F402BF586B500A244A8 /* ContentView.swift */; };
		F5ED3F432BF586B500A244A8 /* ImmersiveView.swift in Sources */ = {isa = PBXBuildFile; fileRef = F5ED3F422BF586B500A244A8 /* ImmersiveView.swift */; };
		F5ED3F452BF586B600A244A8 /* Assets.xcassets in Resources */ = {isa = PBXBuildFile; fileRef = F5ED3F442BF586B600A244A8 /* Assets.xcassets */; };
		F5ED3F482BF586B600A244A8 /* Preview Assets.xcassets in Resources */ = {isa = PBXBuildFile; fileRef = F5ED3F472BF586B600A244A8 /* Preview Assets.xcassets */; };
		F5ED3F532BF586B600A244A8 /* MazeGameTests.swift in Sources */ = {isa = PBXBuildFile; fileRef = F5ED3F522BF586B600A244A8 /* MazeGameTests.swift */; };
/* End PBXBuildFile section */

/* Begin PBXContainerItemProxy section */
		F5ED3F4F2BF586B600A244A8 /* PBXContainerItemProxy */ = {
			isa = PBXContainerItemProxy;
			containerPortal = F5ED3F2F2BF586B500A244A8 /* Project object */;
			proxyType = 1;
			remoteGlobalIDString = F5ED3F362BF586B500A244A8;
			remoteInfo = MazeGame;
		};
/* End PBXContainerItemProxy section */

/* Begin PBXFileReference section */
		F5ED3F372BF586B500A244A8 /* MazeGame.app */ = {isa = PBXFileReference; explicitFileType = wrapper.application; includeInIndex = 0; path = MazeGame.app; sourceTree = BUILT_PRODUCTS_DIR; };
		F5ED3F3B2BF586B500A244A8 /* RealityKitContent */ = {isa = PBXFileReference; lastKnownFileType = wrapper; path = RealityKitContent; sourceTree = "<group>"; };
		F5ED3F3E2BF586B500A244A8 /* MazeGameApp.swift */ = {isa = PBXFileReference; lastKnownFileType = sourcecode.swift; path = MazeGameApp.swift; sourceTree = "<group>"; };
		F5ED3F402BF586B500A244A8 /* ContentView.swift */ = {isa = PBXFileReference; lastKnownFileType = sourcecode.swift; path = ContentView.swift; sourceTree = "<group>"; };
		F5ED3F422BF586B500A244A8 /* ImmersiveView.swift */ = {isa = PBXFileReference; lastKnownFileType = sourcecode.swift; path = ImmersiveView.swift; sourceTree = "<group>"; };
		F5ED3F442BF586B600A244A8 /* Assets.xcassets */ = {isa = PBXFileReference; lastKnownFileType = folder.assetcatalog; path = Assets.xcassets; sourceTree = "<group>"; };
		F5ED3F472BF586B600A244A8 /* Preview Assets.xcassets */ = {isa = PBXFileReference; lastKnownFileType = folder.assetcatalog; path = "Preview Assets.xcassets"; sourceTree = "<group>"; };
		F5ED3F492BF586B600A244A8 /* Info.plist */ = {isa = PBXFileReference; lastKnownFileType = text.plist.xml; path = Info.plist; sourceTree = "<group>"; };
		F5ED3F4E2BF586B600A244A8 /* MazeGameTests.xctest */ = {isa = PBXFileReference; explicitFileType = wrapper.cfbundle; includeInIndex = 0; path = MazeGameTests.xctest; sourceTree = BUILT_PRODUCTS_DIR; };
		F5ED3F522BF586B600A244A8 /* MazeGameTests.swift */ = {isa = PBXFileReference; lastKnownFileType = sourcecode.swift; path = MazeGameTests.swift; sourceTree = "<group>"; };
/* End PBXFileReference section */

/* Begin PBXFrameworksBuildPhase section */
		F5ED3F342BF586B500A244A8 /* Frameworks */ = {
			isa = PBXFrameworksBuildPhase;
			buildActionMask = 2147483647;
			files = (
				F5ED3F3D2BF586B500A244A8 /* RealityKitContent in Frameworks */,
			);
			runOnlyForDeploymentPostprocessing = 0;
		};
		F5ED3F4B2BF586B600A244A8 /* Frameworks */ = {
			isa = PBXFrameworksBuildPhase;
			buildActionMask = 2147483647;
			files = (
			);
			runOnlyForDeploymentPostprocessing = 0;
		};
/* End PBXFrameworksBuildPhase section */

/* Begin PBXGroup section */
		F5ED3F2E2BF586B500A244A8 = {
			isa = PBXGroup;
			children = (
				F5ED3F392BF586B500A244A8 /* MazeGame */,
				F5ED3F3A2BF586B500A244A8 /* Packages */,
				F5ED3F512BF586B600A244A8 /* MazeGameTests */,
				F5ED3F382BF586B500A244A8 /* Products */,
			);
			sourceTree = "<group>";
		};
		F5ED3F382BF586B500A244A8 /* Products */ = {
			isa = PBXGroup;
			children = (
				F5ED3F372BF586B500A244A8 /* MazeGame.app */,
				F5ED3F4E2BF586B600A244A8 /* MazeGameTests.xctest */,
			);
			name = Products;
			sourceTree = "<group>";
		};
		F5ED3F392BF586B500A244A8 /* MazeGame */ = {
			isa = PBXGroup;
			children = (
				F5ED3F3E2BF586B500A244A8 /* MazeGameApp.swift */,
				F5ED3F402BF586B500A244A8 /* ContentView.swift */,
				F5ED3F422BF586B500A244A8 /* ImmersiveView.swift */,
				F5ED3F442BF586B600A244A8 /* Assets.xcassets */,
				F5ED3F492BF586B600A244A8 /* Info.plist */,
				F5ED3F462BF586B600A244A8 /* Preview Content */,
			);
			path = MazeGame;
			sourceTree = "<group>";
		};
		F5ED3F3A2BF586B500A244A8 /* Packages */ = {
			isa = PBXGroup;
			children = (
				F5ED3F3B2BF586B500A244A8 /* RealityKitContent */,
			);
			path = Packages;
			sourceTree = "<group>";
		};
		F5ED3F462BF586B600A244A8 /* Preview Content */ = {
			isa = PBXGroup;
			children = (
				F5ED3F472BF586B600A244A8 /* Preview Assets.xcassets */,
			);
			path = "Preview Content";
			sourceTree = "<group>";
		};
		F5ED3F512BF586B600A244A8 /* MazeGameTests */ = {
			isa = PBXGroup;
			children = (
				F5ED3F522BF586B600A244A8 /* MazeGameTests.swift */,
			);
			path = MazeGameTests;
			sourceTree = "<group>";
		};
/* End PBXGroup section */

/* Begin PBXNativeTarget section */
		F5ED3F362BF586B500A244A8 /* MazeGame */ = {
			isa = PBXNativeTarget;
			buildConfigurationList = F5ED3F562BF586B600A244A8 /* Build configuration list for PBXNativeTarget "MazeGame" */;
			buildPhases = (
				F5ED3F332BF586B500A244A8 /* Sources */,
				F5ED3F342BF586B500A244A8 /* Frameworks */,
				F5ED3F352BF586B500A244A8 /* Resources */,
			);
			buildRules = (
			);
			dependencies = (
			);
			name = MazeGame;
			packageProductDependencies = (
				F5ED3F3C2BF586B500A244A8 /* RealityKitContent */,
			);
			productName = MazeGame;
			productReference = F5ED3F372BF586B500A244A8 /* MazeGame.app */;
			productType = "com.apple.product-type.application";
		};
		F5ED3F4D2BF586B600A244A8 /* MazeGameTests */ = {
			isa = PBXNativeTarget;
			buildConfigurationList = F5ED3F592BF586B600A244A8 /* Build configuration list for PBXNativeTarget "MazeGameTests" */;
			buildPhases = (
				F5ED3F4A2BF586B600A244A8 /* Sources */,
				F5ED3F4B2BF586B600A244A8 /* Frameworks */,
				F5ED3F4C2BF586B600A244A8 /* Resources */,
			);
			buildRules = (
			);
			dependencies = (
				F5ED3F502BF586B600A244A8 /* PBXTargetDependency */,
			);
			name = MazeGameTests;
			productName = MazeGameTests;
			productReference = F5ED3F4E2BF586B600A244A8 /* MazeGameTests.xctest */;
			productType = "com.apple.product-type.bundle.unit-test";
		};
/* End PBXNativeTarget section */

/* Begin PBXProject section */
		F5ED3F2F2BF586B500A244A8 /* Project object */ = {
			isa = PBXProject;
			attributes = {
				BuildIndependentTargetsInParallel = 1;
				LastSwiftUpdateCheck = 1530;
				LastUpgradeCheck = 1530;
				TargetAttributes = {
					F5ED3F362BF586B500A244A8 = {
						CreatedOnToolsVersion = 15.3;
					};
					F5ED3F4D2BF586B600A244A8 = {
						CreatedOnToolsVersion = 15.3;
						TestTargetID = F5ED3F362BF586B500A244A8;
					};
				};
			};
			buildConfigurationList = F5ED3F322BF586B500A244A8 /* Build configuration list for PBXProject "MazeGame" */;
			compatibilityVersion = "Xcode 14.0";
			developmentRegion = en;
			hasScannedForEncodings = 0;
			knownRegions = (
				en,
				Base,
			);
			mainGroup = F5ED3F2E2BF586B500A244A8;
			productRefGroup = F5ED3F382BF586B500A244A8 /* Products */;
			projectDirPath = "";
			projectRoot = "";
			targets = (
				F5ED3F362BF586B500A244A8 /* MazeGame */,
				F5ED3F4D2BF586B600A244A8 /* MazeGameTests */,
			);
		};
/* End PBXProject section */

/* Begin PBXResourcesBuildPhase section */
		F5ED3F352BF586B500A244A8 /* Resources */ = {
			isa = PBXResourcesBuildPhase;
			buildActionMask = 2147483647;
			files = (
				F5ED3F482BF586B600A244A8 /* Preview Assets.xcassets in Resources */,
				F5ED3F452BF586B600A244A8 /* Assets.xcassets in Resources */,
			);
			runOnlyForDeploymentPostprocessing = 0;
		};
		F5ED3F4C2BF586B600A244A8 /* Resources */ = {
			isa = PBXResourcesBuildPhase;
			buildActionMask = 2147483647;
			files = (
			);
			runOnlyForDeploymentPostprocessing = 0;
		};
/* End PBXResourcesBuildPhase section */

/* Begin PBXSourcesBuildPhase section */
		F5ED3F332BF586B500A244A8 /* Sources */ = {
			isa = PBXSourcesBuildPhase;
			buildActionMask = 2147483647;
			files = (
				F5ED3F412BF586B500A244A8 /* ContentView.swift in Sources */,
				F5ED3F3F2BF586B500A244A8 /* MazeGameApp.swift in Sources */,
				F5ED3F432BF586B500A244A8 /* ImmersiveView.swift in Sources */,
			);
			runOnlyForDeploymentPostprocessing = 0;
		};
		F5ED3F4A2BF586B600A244A8 /* Sources */ = {
			isa = PBXSourcesBuildPhase;
			buildActionMask = 2147483647;
			files = (
				F5ED3F532BF586B600A244A8 /* MazeGameTests.swift in Sources */,
			);
			runOnlyForDeploymentPostprocessing = 0;
		};
/* End PBXSourcesBuildPhase section */

/* Begin PBXTargetDependency section */
		F5ED3F502BF586B600A244A8 /* PBXTargetDependency */ = {
			isa = PBXTargetDependency;
			target = F5ED3F362BF586B500A244A8 /* MazeGame */;
			targetProxy = F5ED3F4F2BF586B600A244A8 /* PBXContainerItemProxy */;
		};
/* End PBXTargetDependency section */

/* Begin XCBuildConfiguration section */
		F5ED3F542BF586B600A244A8 /* Debug */ = {
			isa = XCBuildConfiguration;
			buildSettings = {
				ALWAYS_SEARCH_USER_PATHS = NO;
				ASSETCATALOG_COMPILER_GENERATE_SWIFT_ASSET_SYMBOL_EXTENSIONS = YES;
				CLANG_ANALYZER_NONNULL = YES;
				CLANG_ANALYZER_NUMBER_OBJECT_CONVERSION = YES_AGGRESSIVE;
				CLANG_CXX_LANGUAGE_STANDARD = "gnu++20";
				CLANG_ENABLE_MODULES = YES;
				CLANG_ENABLE_OBJC_ARC = YES;
				CLANG_ENABLE_OBJC_WEAK = YES;
				CLANG_WARN_BLOCK_CAPTURE_AUTORELEASING = YES;
				CLANG_WARN_BOOL_CONVERSION = YES;
				CLANG_WARN_COMMA = YES;
				CLANG_WARN_CONSTANT_CONVERSION = YES;
				CLANG_WARN_DEPRECATED_OBJC_IMPLEMENTATIONS = YES;
				CLANG_WARN_DIRECT_OBJC_ISA_USAGE = YES_ERROR;
				CLANG_WARN_DOCUMENTATION_COMMENTS = YES;
				CLANG_WARN_EMPTY_BODY = YES;
				CLANG_WARN_ENUM_CONVERSION = YES;
				CLANG_WARN_INFINITE_RECURSION = YES;
				CLANG_WARN_INT_CONVERSION = YES;
				CLANG_WARN_NON_LITERAL_NULL_CONVERSION = YES;
				CLANG_WARN_OBJC_IMPLICIT_RETAIN_SELF = YES;
				CLANG_WARN_OBJC_LITERAL_CONVERSION = YES;
				CLANG_WARN_OBJC_ROOT_CLASS = YES_ERROR;
				CLANG_WARN_QUOTED_INCLUDE_IN_FRAMEWORK_HEADER = YES;
				CLANG_WARN_RANGE_LOOP_ANALYSIS = YES;
				CLANG_WARN_STRICT_PROTOTYPES = YES;
				CLANG_WARN_SUSPICIOUS_MOVE = YES;
				CLANG_WARN_UNGUARDED_AVAILABILITY = YES_AGGRESSIVE;
				CLANG_WARN_UNREACHABLE_CODE = YES;
				CLANG_WARN__DUPLICATE_METHOD_MATCH = YES;
				COPY_PHASE_STRIP = NO;
				DEBUG_INFORMATION_FORMAT = dwarf;
				ENABLE_STRICT_OBJC_MSGSEND = YES;
				ENABLE_TESTABILITY = YES;
				ENABLE_USER_SCRIPT_SANDBOXING = YES;
				GCC_C_LANGUAGE_STANDARD = gnu17;
				GCC_DYNAMIC_NO_PIC = NO;
				GCC_NO_COMMON_BLOCKS = YES;
				GCC_OPTIMIZATION_LEVEL = 0;
				GCC_PREPROCESSOR_DEFINITIONS = (
					"DEBUG=1",
					"$(inherited)",
				);
				GCC_WARN_64_TO_32_BIT_CONVERSION = YES;
				GCC_WARN_ABOUT_RETURN_TYPE = YES_ERROR;
				GCC_WARN_UNDECLARED_SELECTOR = YES;
				GCC_WARN_UNINITIALIZED_AUTOS = YES_AGGRESSIVE;
				GCC_WARN_UNUSED_FUNCTION = YES;
				GCC_WARN_UNUSED_VARIABLE = YES;
				LOCALIZATION_PREFERS_STRING_CATALOGS = YES;
				MTL_ENABLE_DEBUG_INFO = INCLUDE_SOURCE;
				MTL_FAST_MATH = YES;
				ONLY_ACTIVE_ARCH = YES;
				SDKROOT = xros;
				SWIFT_ACTIVE_COMPILATION_CONDITIONS = "DEBUG $(inherited)";
				SWIFT_OPTIMIZATION_LEVEL = "-Onone";
				XROS_DEPLOYMENT_TARGET = 1.1;
			};
			name = Debug;
		};
		F5ED3F552BF586B600A244A8 /* Release */ = {
			isa = XCBuildConfiguration;
			buildSettings = {
				ALWAYS_SEARCH_USER_PATHS = NO;
				ASSETCATALOG_COMPILER_GENERATE_SWIFT_ASSET_SYMBOL_EXTENSIONS = YES;
				CLANG_ANALYZER_NONNULL = YES;
				CLANG_ANALYZER_NUMBER_OBJECT_CONVERSION = YES_AGGRESSIVE;
				CLANG_CXX_LANGUAGE_STANDARD = "gnu++20";
				CLANG_ENABLE_MODULES = YES;
				CLANG_ENABLE_OBJC_ARC = YES;
				CLANG_ENABLE_OBJC_WEAK = YES;
				CLANG_WARN_BLOCK_CAPTURE_AUTORELEASING = YES;
				CLANG_WARN_BOOL_CONVERSION = YES;
				CLANG_WARN_COMMA = YES;
				CLANG_WARN_CONSTANT_CONVERSION = YES;
				CLANG_WARN_DEPRECATED_OBJC_IMPLEMENTATIONS = YES;
				CLANG_WARN_DIRECT_OBJC_ISA_USAGE = YES_ERROR;
				CLANG_WARN_DOCUMENTATION_COMMENTS = YES;
				CLANG_WARN_EMPTY_BODY = YES;
				CLANG_WARN_ENUM_CONVERSION = YES;
				CLANG_WARN_INFINITE_RECURSION = YES;
				CLANG_WARN_INT_CONVERSION = YES;
				CLANG_WARN_NON_LITERAL_NULL_CONVERSION = YES;
				CLANG_WARN_OBJC_IMPLICIT_RETAIN_SELF = YES;
				CLANG_WARN_OBJC_LITERAL_CONVERSION = YES;
				CLANG_WARN_OBJC_ROOT_CLASS = YES_ERROR;
				CLANG_WARN_QUOTED_INCLUDE_IN_FRAMEWORK_HEADER = YES;
				CLANG_WARN_RANGE_LOOP_ANALYSIS = YES;
				CLANG_WARN_STRICT_PROTOTYPES = YES;
				CLANG_WARN_SUSPICIOUS_MOVE = YES;
				CLANG_WARN_UNGUARDED_AVAILABILITY = YES_AGGRESSIVE;
				CLANG_WARN_UNREACHABLE_CODE = YES;
				CLANG_WARN__DUPLICATE_METHOD_MATCH = YES;
				COPY_PHASE_STRIP = NO;
				DEBUG_INFORMATION_FORMAT = "dwarf-with-dsym";
				ENABLE_NS_ASSERTIONS = NO;
				ENABLE_STRICT_OBJC_MSGSEND = YES;
				ENABLE_USER_SCRIPT_SANDBOXING = YES;
				GCC_C_LANGUAGE_STANDARD = gnu17;
				GCC_NO_COMMON_BLOCKS = YES;
				GCC_WARN_64_TO_32_BIT_CONVERSION = YES;
				GCC_WARN_ABOUT_RETURN_TYPE = YES_ERROR;
				GCC_WARN_UNDECLARED_SELECTOR = YES;
				GCC_WARN_UNINITIALIZED_AUTOS = YES_AGGRESSIVE;
				GCC_WARN_UNUSED_FUNCTION = YES;
				GCC_WARN_UNUSED_VARIABLE = YES;
				LOCALIZATION_PREFERS_STRING_CATALOGS = YES;
				MTL_ENABLE_DEBUG_INFO = NO;
				MTL_FAST_MATH = YES;
				SDKROOT = xros;
				SWIFT_COMPILATION_MODE = wholemodule;
				VALIDATE_PRODUCT = YES;
				XROS_DEPLOYMENT_TARGET = 1.1;
			};
			name = Release;
		};
		F5ED3F572BF586B600A244A8 /* Debug */ = {
			isa = XCBuildConfiguration;
			buildSettings = {
				ASSETCATALOG_COMPILER_APPICON_NAME = AppIcon;
				ASSETCATALOG_COMPILER_GLOBAL_ACCENT_COLOR_NAME = AccentColor;
				CODE_SIGN_STYLE = Automatic;
				CURRENT_PROJECT_VERSION = 1;
				DEVELOPMENT_ASSET_PATHS = "\"MazeGame/Preview Content\"";
				DEVELOPMENT_TEAM = Z8PW7W66KT;
				ENABLE_PREVIEWS = YES;
				GENERATE_INFOPLIST_FILE = YES;
				INFOPLIST_FILE = "$(TARGET_NAME)/Info.plist";
				LD_RUNPATH_SEARCH_PATHS = (
					"$(inherited)",
					"@executable_path/Frameworks",
				);
				MARKETING_VERSION = 1.0;
				PRODUCT_BUNDLE_IDENTIFIER = none.MazeGame;
				PRODUCT_NAME = "$(TARGET_NAME)";
				SUPPORTED_PLATFORMS = "xros xrsimulator";
				SWIFT_EMIT_LOC_STRINGS = YES;
				SWIFT_VERSION = 5.0;
				TARGETED_DEVICE_FAMILY = "1,2,7";
			};
			name = Debug;
		};
		F5ED3F582BF586B600A244A8 /* Release */ = {
			isa = XCBuildConfiguration;
			buildSettings = {
				ASSETCATALOG_COMPILER_APPICON_NAME = AppIcon;
				ASSETCATALOG_COMPILER_GLOBAL_ACCENT_COLOR_NAME = AccentColor;
				CODE_SIGN_STYLE = Automatic;
				CURRENT_PROJECT_VERSION = 1;
				DEVELOPMENT_ASSET_PATHS = "\"MazeGame/Preview Content\"";
				DEVELOPMENT_TEAM = Z8PW7W66KT;
				ENABLE_PREVIEWS = YES;
				GENERATE_INFOPLIST_FILE = YES;
				INFOPLIST_FILE = "$(TARGET_NAME)/Info.plist";
				LD_RUNPATH_SEARCH_PATHS = (
					"$(inherited)",
					"@executable_path/Frameworks",
				);
				MARKETING_VERSION = 1.0;
				PRODUCT_BUNDLE_IDENTIFIER = none.MazeGame;
				PRODUCT_NAME = "$(TARGET_NAME)";
				SUPPORTED_PLATFORMS = "xros xrsimulator";
				SWIFT_EMIT_LOC_STRINGS = YES;
				SWIFT_VERSION = 5.0;
				TARGETED_DEVICE_FAMILY = "1,2,7";
			};
			name = Release;
		};
		F5ED3F5A2BF586B600A244A8 /* Debug */ = {
			isa = XCBuildConfiguration;
			buildSettings = {
				ALWAYS_EMBED_SWIFT_STANDARD_LIBRARIES = YES;
				BUNDLE_LOADER = "$(TEST_HOST)";
				CODE_SIGN_STYLE = Automatic;
				CURRENT_PROJECT_VERSION = 1;
				DEVELOPMENT_TEAM = Z8PW7W66KT;
				GENERATE_INFOPLIST_FILE = YES;
				MARKETING_VERSION = 1.0;
				PRODUCT_BUNDLE_IDENTIFIER = none.MazeGameTests;
				PRODUCT_NAME = "$(TARGET_NAME)";
				SUPPORTED_PLATFORMS = "xros xrsimulator";
				SWIFT_EMIT_LOC_STRINGS = NO;
				SWIFT_VERSION = 5.0;
				TARGETED_DEVICE_FAMILY = "1,2,7";
				TEST_HOST = "$(BUILT_PRODUCTS_DIR)/MazeGame.app/$(BUNDLE_EXECUTABLE_FOLDER_PATH)/MazeGame";
				XROS_DEPLOYMENT_TARGET = 1.1;
			};
			name = Debug;
		};
		F5ED3F5B2BF586B600A244A8 /* Release */ = {
			isa = XCBuildConfiguration;
			buildSettings = {
				ALWAYS_EMBED_SWIFT_STANDARD_LIBRARIES = YES;
				BUNDLE_LOADER = "$(TEST_HOST)";
				CODE_SIGN_STYLE = Automatic;
				CURRENT_PROJECT_VERSION = 1;
				DEVELOPMENT_TEAM = Z8PW7W66KT;
				GENERATE_INFOPLIST_FILE = YES;
				MARKETING_VERSION = 1.0;
				PRODUCT_BUNDLE_IDENTIFIER = none.MazeGameTests;
				PRODUCT_NAME = "$(TARGET_NAME)";
				SUPPORTED_PLATFORMS = "xros xrsimulator";
				SWIFT_EMIT_LOC_STRINGS = NO;
				SWIFT_VERSION = 5.0;
				TARGETED_DEVICE_FAMILY = "1,2,7";
				TEST_HOST = "$(BUILT_PRODUCTS_DIR)/MazeGame.app/$(BUNDLE_EXECUTABLE_FOLDER_PATH)/MazeGame";
				XROS_DEPLOYMENT_TARGET = 1.1;
			};
			name = Release;
		};
/* End XCBuildConfiguration section */

/* Begin XCConfigurationList section */
		F5ED3F322BF586B500A244A8 /* Build configuration list for PBXProject "MazeGame" */ = {
			isa = XCConfigurationList;
			buildConfigurations = (
				F5ED3F542BF586B600A244A8 /* Debug */,
				F5ED3F552BF586B600A244A8 /* Release */,
			);
			defaultConfigurationIsVisible = 0;
			defaultConfigurationName = Release;
		};
		F5ED3F562BF586B600A244A8 /* Build configuration list for PBXNativeTarget "MazeGame" */ = {
			isa = XCConfigurationList;
			buildConfigurations = (
				F5ED3F572BF586B600A244A8 /* Debug */,
				F5ED3F582BF586B600A244A8 /* Release */,
			);
			defaultConfigurationIsVisible = 0;
			defaultConfigurationName = Release;
		};
		F5ED3F592BF586B600A244A8 /* Build configuration list for PBXNativeTarget "MazeGameTests" */ = {
			isa = XCConfigurationList;
			buildConfigurations = (
				F5ED3F5A2BF586B600A244A8 /* Debug */,
				F5ED3F5B2BF586B600A244A8 /* Release */,
			);
			defaultConfigurationIsVisible = 0;
			defaultConfigurationName = Release;
		};
/* End XCConfigurationList section */

/* Begin XCSwiftPackageProductDependency section */
		F5ED3F3C2BF586B500A244A8 /* RealityKitContent */ = {
			isa = XCSwiftPackageProductDependency;
			productName = RealityKitContent;
		};
/* End XCSwiftPackageProductDependency section */
	};
	rootObject = F5ED3F2F2BF586B500A244A8 /* Project object */;
}
